# THIS IS AN AUTOGENERATED FILE. DO NOT EDIT THIS FILE DIRECTLY.
# yarn lockfile v1


dotenv@^6.2.0:
  version "6.2.0"
  resolved "https://registry.yarnpkg.com/dotenv/-/dotenv-6.2.0.tgz#941c0410535d942c8becf28d3f357dbd9d476064"
  integrity sha512-HygQCKUBSFl8wKQZBSemMywRWcEDNidvNbjGVyZu3nbZ8qq9ubiPoGLMdRDpfSrpkkm9BXYFkpKxxFX38o/76w==

minimist@^1.2.0:
  version "1.2.0"
  resolved "https://registry.yarnpkg.com/minimist/-/minimist-1.2.0.tgz#a35008b20f41383eec1fb914f4cd5df79a264284"
  integrity sha1-o1AIsg9BOD7sH7kU9M1d95omQoQ=

secure-env@^1.0.0:
  version "1.0.0"
  resolved "https://registry.yarnpkg.com/secure-env/-/secure-env-1.0.0.tgz#c924b20d55dedf1fe79aefc8ca468fc31fe62df3"
  integrity sha512-UzFDwa32C1SjHDxI3+I+Z7tC98eD2MBo05ejSYnNiMjYVljdZT/Otx962lCY14pKtSreB8NoyMUAxQnyqexWGQ==
  dependencies:
    minimist "^1.2.0"
